
Microsoft Visual Studio Solution File, Format Version 12.00
# Visual Studio Version 17
VisualStudioVersion = 17.5.002.0
MinimumVisualStudioVersion = 10.0.40219.1
Project("{9A19103F-16F7-4668-BE54-9A1E7A4F7556}") = "practica4-RaquelMejia", "practica4-RaquelMejia.csproj", "{444F89D3-0DFE-4D78-B307-E55C096C7C1B}"
EndProject
Global
	GlobalSection(SolutionConfigurationPlatforms) = preSolution
		Debug|Any CPU = Debug|Any CPU
		Release|Any CPU = Release|Any CPU
	EndGlobalSection
	GlobalSection(ProjectConfigurationPlatforms) = postSolution
		{444F89D3-0DFE-4D78-B307-E55C096C7C1B}.Debug|Any CPU.ActiveCfg = Debug|Any CPU
		{444F89D3-0DFE-4D78-B307-E55C096C7C1B}.Debug|Any CPU.Build.0 = Debug|Any CPU
		{444F89D3-0DFE-4D78-B307-E55C096C7C1B}.Release|Any CPU.ActiveCfg = Release|Any CPU
		{444F89D3-0DFE-4D78-B307-E55C096C7C1B}.Release|Any CPU.Build.0 = Release|Any CPU
	EndGlobalSection
	GlobalSection(SolutionProperties) = preSolution
		HideSolutionNode = FALSE
	EndGlobalSection
	GlobalSection(ExtensibilityGlobals) = postSolution
		SolutionGuid = {8F30ABC3-8F2E-47A8-B62A-89A1EBC1022E}
	EndGlobalSection
EndGlobal
